
Microsoft Visual Studio Solution File, Format Version 11.00
# Visual Studio 2010
Project("{FAE04EC0-301F-11D3-BF4B-00C04F79EFBC}") = "TextEditor", "TextEditor\TextEditor.csproj", "{364AC77D-7310-403A-9B05-04FC23DC5501}"
EndProject
Project("{FAE04EC0-301F-11D3-BF4B-00C04F79EFBC}") = "TextEditor.bl", "TextEditor.bl\TextEditor.bl.csproj", "{AE6FC6F4-94BB-44E7-AA9E-167DC1CF0D69}"
EndProject
Global
	GlobalSection(SolutionConfigurationPlatforms) = preSolution
		Debug|Any CPU = Debug|Any CPU
		Debug|Mixed Platforms = Debug|Mixed Platforms
		Debug|x86 = Debug|x86
		Release|Any CPU = Release|Any CPU
		Release|Mixed Platforms = Release|Mixed Platforms
		Release|x86 = Release|x86
	EndGlobalSection
	GlobalSection(ProjectConfigurationPlatforms) = postSolution
		{364AC77D-7310-403A-9B05-04FC23DC5501}.Debug|Any CPU.ActiveCfg = Debug|x86
		{364AC77D-7310-403A-9B05-04FC23DC5501}.Debug|Mixed Platforms.ActiveCfg = Debug|x86
		{364AC77D-7310-403A-9B05-04FC23DC5501}.Debug|Mixed Platforms.Build.0 = Debug|x86
		{364AC77D-7310-403A-9B05-04FC23DC5501}.Debug|x86.ActiveCfg = Debug|x86
		{364AC77D-7310-403A-9B05-04FC23DC5501}.Debug|x86.Build.0 = Debug|x86
		{364AC77D-7310-403A-9B05-04FC23DC5501}.Release|Any CPU.ActiveCfg = Release|x86
		{364AC77D-7310-403A-9B05-04FC23DC5501}.Release|Mixed Platforms.ActiveCfg = Release|x86
		{364AC77D-7310-403A-9B05-04FC23DC5501}.Release|Mixed Platforms.Build.0 = Release|x86
		{364AC77D-7310-403A-9B05-04FC23DC5501}.Release|x86.ActiveCfg = Release|x86
		{364AC77D-7310-403A-9B05-04FC23DC5501}.Release|x86.Build.0 = Release|x86
		{AE6FC6F4-94BB-44E7-AA9E-167DC1CF0D69}.Debug|Any CPU.ActiveCfg = Debug|Any CPU
		{AE6FC6F4-94BB-44E7-AA9E-167DC1CF0D69}.Debug|Any CPU.Build.0 = Debug|Any CPU
		{AE6FC6F4-94BB-44E7-AA9E-167DC1CF0D69}.Debug|Mixed Platforms.ActiveCfg = Debug|Any CPU
		{AE6FC6F4-94BB-44E7-AA9E-167DC1CF0D69}.Debug|Mixed Platforms.Build.0 = Debug|Any CPU
		{AE6FC6F4-94BB-44E7-AA9E-167DC1CF0D69}.Debug|x86.ActiveCfg = Debug|Any CPU
		{AE6FC6F4-94BB-44E7-AA9E-167DC1CF0D69}.Release|Any CPU.ActiveCfg = Release|Any CPU
		{AE6FC6F4-94BB-44E7-AA9E-167DC1CF0D69}.Release|Any CPU.Build.0 = Release|Any CPU
		{AE6FC6F4-94BB-44E7-AA9E-167DC1CF0D69}.Release|Mixed Platforms.ActiveCfg = Release|Any CPU
		{AE6FC6F4-94BB-44E7-AA9E-167DC1CF0D69}.Release|Mixed Platforms.Build.0 = Release|Any CPU
		{AE6FC6F4-94BB-44E7-AA9E-167DC1CF0D69}.Release|x86.ActiveCfg = Release|Any CPU
	EndGlobalSection
	GlobalSection(SolutionProperties) = preSolution
		HideSolutionNode = FALSE
	EndGlobalSection
EndGlobal
